
Microsoft Visual Studio Solution File, Format Version 12.00
# Visual Studio Version 17
VisualStudioVersion = 17.0.31903.59
MinimumVisualStudioVersion = 10.0.40219.1
Project("{2150E333-8FDC-42A3-9474-1A3956D46DE8}") = "BuildingBlocks", "BuildingBlocks", "{51AE956C-AD24-4A98-A96C-FAEFBCD55508}"
EndProject
Project("{9A19103F-16F7-4668-BE54-9A1E7A4F7556}") = "Framework.Core", "BuildingBlocks\Framework.Core\Framework.Core.csproj", "{89EBB1F5-BD9F-4D26-BEC6-4D0443577B7F}"
EndProject
Project("{9A19103F-16F7-4668-BE54-9A1E7A4F7556}") = "Framework.WebApi.Core", "BuildingBlocks\Framework.WebApi.Core\Framework.WebApi.Core.csproj", "{9D7A18B1-365B-4C7F-BD6D-69C7BF4B337C}"
EndProject
Project("{2150E333-8FDC-42A3-9474-1A3956D46DE8}") = "Services", "Services", "{4787DF6C-FBA8-45AC-85FA-D0B90276217C}"
EndProject
Project("{2150E333-8FDC-42A3-9474-1A3956D46DE8}") = "Activities", "Activities", "{ABE96E0F-9E88-4EC0-A2DB-1F54F1D4CF28}"
EndProject
Project("{9A19103F-16F7-4668-BE54-9A1E7A4F7556}") = "Activities.Api", "Services\Activities\Activities.Api\Activities.Api.csproj", "{5DEBF263-2650-4287-A77B-5A37893FB595}"
EndProject
Project("{9A19103F-16F7-4668-BE54-9A1E7A4F7556}") = "Activities.Application", "Services\Activities\Activities.Application\Activities.Application.csproj", "{30EDEF94-4A20-4BAD-89AF-32491E62D6F4}"
EndProject
Project("{9A19103F-16F7-4668-BE54-9A1E7A4F7556}") = "Activities.Domain", "Services\Activities\Activities.Domain\Activities.Domain.csproj", "{CBE40972-525B-4972-8F79-29DD9D3B3BE7}"
EndProject
Project("{9A19103F-16F7-4668-BE54-9A1E7A4F7556}") = "Activities.Infra", "Services\Activities\Activities.Infra\Activities.Infra.csproj", "{E1BF1F4E-9EB7-4709-AAA6-2E498DFDF745}"
EndProject
Project("{9A19103F-16F7-4668-BE54-9A1E7A4F7556}") = "Activities.Tests", "Services\Activities\Activities.Tests\Activities.Tests.csproj", "{84B692FD-3BCB-4C77-A111-299B75B232BF}"
EndProject
Project("{9A19103F-16F7-4668-BE54-9A1E7A4F7556}") = "Framework.Message.Bus", "BuildingBlocks\Framework.Message.Bus\Framework.Message.Bus.csproj", "{396E4CCF-924A-48B9-9789-74C1178F3110}"
EndProject
Project("{2150E333-8FDC-42A3-9474-1A3956D46DE8}") = "Rest", "Rest", "{E3E5EC8D-2F00-4F92-95E7-E6A9FDA82E0C}"
EndProject
Project("{9A19103F-16F7-4668-BE54-9A1E7A4F7556}") = "Rests.Api", "Services\Rest\Rests.Api\Rests.Api.csproj", "{9E399AD3-94F1-4E46-865F-E7977B74E05C}"
EndProject
Project("{9A19103F-16F7-4668-BE54-9A1E7A4F7556}") = "Rests.Application", "Services\Rest\Rests.Application\Rests.Application.csproj", "{9A8D6572-9663-47D4-A2FC-3553DE17112F}"
EndProject
Project("{9A19103F-16F7-4668-BE54-9A1E7A4F7556}") = "Rests.Domain", "Services\Rest\Rests.Domain\Rests.Domain.csproj", "{C550D5F2-C218-4E16-86BB-22C92406C486}"
EndProject
Project("{9A19103F-16F7-4668-BE54-9A1E7A4F7556}") = "Rests.Infra", "Services\Rest\Rests.Infra\Rests.Infra.csproj", "{B0E74043-3CDA-4F74-A83A-DD4EDD750889}"
EndProject
Project("{9A19103F-16F7-4668-BE54-9A1E7A4F7556}") = "Framework.Shared.IntegrationEvent", "Framework.Shared.IntegrationEvent\Framework.Shared.IntegrationEvent.csproj", "{EF30B1D6-B58C-4497-A754-ADD240C62687}"
EndProject
Project("{2150E333-8FDC-42A3-9474-1A3956D46DE8}") = "ApiGateway", "ApiGateway", "{AE9267B5-897D-4015-A03B-2B2F5115D8AE}"
EndProject
Project("{9A19103F-16F7-4668-BE54-9A1E7A4F7556}") = "ApiGateway.Queries", "ApiGateway.Queries\ApiGateway.Queries.csproj", "{18EF4AB2-26DE-4BDE-B33D-F582307CAA5A}"
EndProject
Project("{9A19103F-16F7-4668-BE54-9A1E7A4F7556}") = "Worker.Api", "Services\Worker\Worker.Api\Worker.Api.csproj", "{3670767B-EF33-44EE-85B0-EB63BE3EBB15}"
EndProject
Project("{2150E333-8FDC-42A3-9474-1A3956D46DE8}") = "Worker", "Worker", "{651C44A8-E389-4CA1-9C64-908763A058E5}"
EndProject
Project("{9A19103F-16F7-4668-BE54-9A1E7A4F7556}") = "Worker.Application", "Services\Worker\Worker.Application\Worker.Application.csproj", "{2A6B1426-4FFA-47A7-8924-645E95AF95DE}"
EndProject
Project("{9A19103F-16F7-4668-BE54-9A1E7A4F7556}") = "Worker.Domain", "Services\Worker\Worker.Domain\Worker.Domain.csproj", "{4AD573A1-7499-4CC3-8C9C-6DA669C74429}"
EndProject
Project("{9A19103F-16F7-4668-BE54-9A1E7A4F7556}") = "Worker.Infra", "Services\Worker\Worker.Infra\Worker.Infra.csproj", "{7AEB53C3-BB6C-42A1-BD33-3BC20CA554B0}"
EndProject
Project("{9A19103F-16F7-4668-BE54-9A1E7A4F7556}") = "ActivityValidationResult.Api", "Services\ActivityValidationResult\ActivityValidationResult.Api\ActivityValidationResult.Api.csproj", "{5B332398-90CB-4A22-A0CA-A3E040C5A848}"
EndProject
Project("{2150E333-8FDC-42A3-9474-1A3956D46DE8}") = "ActivityValidationResult", "ActivityValidationResult", "{B4D12709-4941-479D-A038-42021329E4B8}"
EndProject
Project("{9A19103F-16F7-4668-BE54-9A1E7A4F7556}") = "ActivityValidationResult.Application", "Services\ActivityValidationResult\ActivityValidationResult.Application\ActivityValidationResult.Application.csproj", "{01CA3E7D-AAB3-41E2-9739-88A77D07944C}"
EndProject
Project("{9A19103F-16F7-4668-BE54-9A1E7A4F7556}") = "ActivityValidationResult.Domain", "Services\ActivityValidationResult\ActivityValidationResult.Domain\ActivityValidationResult.Domain.csproj", "{493714FD-9A0A-4A96-A2EF-33BB4FC03992}"
EndProject
Project("{9A19103F-16F7-4668-BE54-9A1E7A4F7556}") = "ActivityValidationResult.Infra", "Services\ActivityValidationResult\ActivityValidationResult.Infra\ActivityValidationResult.Infra.csproj", "{27AA0047-A2BE-4805-89B8-60C705DE6603}"
EndProject
Global
	GlobalSection(SolutionConfigurationPlatforms) = preSolution
		Debug|Any CPU = Debug|Any CPU
		Release|Any CPU = Release|Any CPU
	EndGlobalSection
	GlobalSection(ProjectConfigurationPlatforms) = postSolution
		{89EBB1F5-BD9F-4D26-BEC6-4D0443577B7F}.Debug|Any CPU.ActiveCfg = Debug|Any CPU
		{89EBB1F5-BD9F-4D26-BEC6-4D0443577B7F}.Debug|Any CPU.Build.0 = Debug|Any CPU
		{89EBB1F5-BD9F-4D26-BEC6-4D0443577B7F}.Release|Any CPU.ActiveCfg = Release|Any CPU
		{89EBB1F5-BD9F-4D26-BEC6-4D0443577B7F}.Release|Any CPU.Build.0 = Release|Any CPU
		{9D7A18B1-365B-4C7F-BD6D-69C7BF4B337C}.Debug|Any CPU.ActiveCfg = Debug|Any CPU
		{9D7A18B1-365B-4C7F-BD6D-69C7BF4B337C}.Debug|Any CPU.Build.0 = Debug|Any CPU
		{9D7A18B1-365B-4C7F-BD6D-69C7BF4B337C}.Release|Any CPU.ActiveCfg = Release|Any CPU
		{9D7A18B1-365B-4C7F-BD6D-69C7BF4B337C}.Release|Any CPU.Build.0 = Release|Any CPU
		{5DEBF263-2650-4287-A77B-5A37893FB595}.Debug|Any CPU.ActiveCfg = Debug|Any CPU
		{5DEBF263-2650-4287-A77B-5A37893FB595}.Debug|Any CPU.Build.0 = Debug|Any CPU
		{5DEBF263-2650-4287-A77B-5A37893FB595}.Release|Any CPU.ActiveCfg = Release|Any CPU
		{5DEBF263-2650-4287-A77B-5A37893FB595}.Release|Any CPU.Build.0 = Release|Any CPU
		{30EDEF94-4A20-4BAD-89AF-32491E62D6F4}.Debug|Any CPU.ActiveCfg = Debug|Any CPU
		{30EDEF94-4A20-4BAD-89AF-32491E62D6F4}.Debug|Any CPU.Build.0 = Debug|Any CPU
		{30EDEF94-4A20-4BAD-89AF-32491E62D6F4}.Release|Any CPU.ActiveCfg = Release|Any CPU
		{30EDEF94-4A20-4BAD-89AF-32491E62D6F4}.Release|Any CPU.Build.0 = Release|Any CPU
		{CBE40972-525B-4972-8F79-29DD9D3B3BE7}.Debug|Any CPU.ActiveCfg = Debug|Any CPU
		{CBE40972-525B-4972-8F79-29DD9D3B3BE7}.Debug|Any CPU.Build.0 = Debug|Any CPU
		{CBE40972-525B-4972-8F79-29DD9D3B3BE7}.Release|Any CPU.ActiveCfg = Release|Any CPU
		{CBE40972-525B-4972-8F79-29DD9D3B3BE7}.Release|Any CPU.Build.0 = Release|Any CPU
		{E1BF1F4E-9EB7-4709-AAA6-2E498DFDF745}.Debug|Any CPU.ActiveCfg = Debug|Any CPU
		{E1BF1F4E-9EB7-4709-AAA6-2E498DFDF745}.Debug|Any CPU.Build.0 = Debug|Any CPU
		{E1BF1F4E-9EB7-4709-AAA6-2E498DFDF745}.Release|Any CPU.ActiveCfg = Release|Any CPU
		{E1BF1F4E-9EB7-4709-AAA6-2E498DFDF745}.Release|Any CPU.Build.0 = Release|Any CPU
		{84B692FD-3BCB-4C77-A111-299B75B232BF}.Debug|Any CPU.ActiveCfg = Debug|Any CPU
		{84B692FD-3BCB-4C77-A111-299B75B232BF}.Debug|Any CPU.Build.0 = Debug|Any CPU
		{84B692FD-3BCB-4C77-A111-299B75B232BF}.Release|Any CPU.ActiveCfg = Release|Any CPU
		{84B692FD-3BCB-4C77-A111-299B75B232BF}.Release|Any CPU.Build.0 = Release|Any CPU
		{396E4CCF-924A-48B9-9789-74C1178F3110}.Debug|Any CPU.ActiveCfg = Debug|Any CPU
		{396E4CCF-924A-48B9-9789-74C1178F3110}.Debug|Any CPU.Build.0 = Debug|Any CPU
		{396E4CCF-924A-48B9-9789-74C1178F3110}.Release|Any CPU.ActiveCfg = Release|Any CPU
		{396E4CCF-924A-48B9-9789-74C1178F3110}.Release|Any CPU.Build.0 = Release|Any CPU
		{9E399AD3-94F1-4E46-865F-E7977B74E05C}.Debug|Any CPU.ActiveCfg = Debug|Any CPU
		{9E399AD3-94F1-4E46-865F-E7977B74E05C}.Debug|Any CPU.Build.0 = Debug|Any CPU
		{9E399AD3-94F1-4E46-865F-E7977B74E05C}.Release|Any CPU.ActiveCfg = Release|Any CPU
		{9E399AD3-94F1-4E46-865F-E7977B74E05C}.Release|Any CPU.Build.0 = Release|Any CPU
		{9A8D6572-9663-47D4-A2FC-3553DE17112F}.Debug|Any CPU.ActiveCfg = Debug|Any CPU
		{9A8D6572-9663-47D4-A2FC-3553DE17112F}.Debug|Any CPU.Build.0 = Debug|Any CPU
		{9A8D6572-9663-47D4-A2FC-3553DE17112F}.Release|Any CPU.ActiveCfg = Release|Any CPU
		{9A8D6572-9663-47D4-A2FC-3553DE17112F}.Release|Any CPU.Build.0 = Release|Any CPU
		{C550D5F2-C218-4E16-86BB-22C92406C486}.Debug|Any CPU.ActiveCfg = Debug|Any CPU
		{C550D5F2-C218-4E16-86BB-22C92406C486}.Debug|Any CPU.Build.0 = Debug|Any CPU
		{C550D5F2-C218-4E16-86BB-22C92406C486}.Release|Any CPU.ActiveCfg = Release|Any CPU
		{C550D5F2-C218-4E16-86BB-22C92406C486}.Release|Any CPU.Build.0 = Release|Any CPU
		{B0E74043-3CDA-4F74-A83A-DD4EDD750889}.Debug|Any CPU.ActiveCfg = Debug|Any CPU
		{B0E74043-3CDA-4F74-A83A-DD4EDD750889}.Debug|Any CPU.Build.0 = Debug|Any CPU
		{B0E74043-3CDA-4F74-A83A-DD4EDD750889}.Release|Any CPU.ActiveCfg = Release|Any CPU
		{B0E74043-3CDA-4F74-A83A-DD4EDD750889}.Release|Any CPU.Build.0 = Release|Any CPU
		{EF30B1D6-B58C-4497-A754-ADD240C62687}.Debug|Any CPU.ActiveCfg = Debug|Any CPU
		{EF30B1D6-B58C-4497-A754-ADD240C62687}.Debug|Any CPU.Build.0 = Debug|Any CPU
		{EF30B1D6-B58C-4497-A754-ADD240C62687}.Release|Any CPU.ActiveCfg = Release|Any CPU
		{EF30B1D6-B58C-4497-A754-ADD240C62687}.Release|Any CPU.Build.0 = Release|Any CPU
		{18EF4AB2-26DE-4BDE-B33D-F582307CAA5A}.Debug|Any CPU.ActiveCfg = Debug|Any CPU
		{18EF4AB2-26DE-4BDE-B33D-F582307CAA5A}.Debug|Any CPU.Build.0 = Debug|Any CPU
		{18EF4AB2-26DE-4BDE-B33D-F582307CAA5A}.Release|Any CPU.ActiveCfg = Release|Any CPU
		{18EF4AB2-26DE-4BDE-B33D-F582307CAA5A}.Release|Any CPU.Build.0 = Release|Any CPU
		{3670767B-EF33-44EE-85B0-EB63BE3EBB15}.Debug|Any CPU.ActiveCfg = Debug|Any CPU
		{3670767B-EF33-44EE-85B0-EB63BE3EBB15}.Debug|Any CPU.Build.0 = Debug|Any CPU
		{3670767B-EF33-44EE-85B0-EB63BE3EBB15}.Release|Any CPU.ActiveCfg = Release|Any CPU
		{3670767B-EF33-44EE-85B0-EB63BE3EBB15}.Release|Any CPU.Build.0 = Release|Any CPU
		{2A6B1426-4FFA-47A7-8924-645E95AF95DE}.Debug|Any CPU.ActiveCfg = Debug|Any CPU
		{2A6B1426-4FFA-47A7-8924-645E95AF95DE}.Debug|Any CPU.Build.0 = Debug|Any CPU
		{2A6B1426-4FFA-47A7-8924-645E95AF95DE}.Release|Any CPU.ActiveCfg = Release|Any CPU
		{2A6B1426-4FFA-47A7-8924-645E95AF95DE}.Release|Any CPU.Build.0 = Release|Any CPU
		{4AD573A1-7499-4CC3-8C9C-6DA669C74429}.Debug|Any CPU.ActiveCfg = Debug|Any CPU
		{4AD573A1-7499-4CC3-8C9C-6DA669C74429}.Debug|Any CPU.Build.0 = Debug|Any CPU
		{4AD573A1-7499-4CC3-8C9C-6DA669C74429}.Release|Any CPU.ActiveCfg = Release|Any CPU
		{4AD573A1-7499-4CC3-8C9C-6DA669C74429}.Release|Any CPU.Build.0 = Release|Any CPU
		{7AEB53C3-BB6C-42A1-BD33-3BC20CA554B0}.Debug|Any CPU.ActiveCfg = Debug|Any CPU
		{7AEB53C3-BB6C-42A1-BD33-3BC20CA554B0}.Debug|Any CPU.Build.0 = Debug|Any CPU
		{7AEB53C3-BB6C-42A1-BD33-3BC20CA554B0}.Release|Any CPU.ActiveCfg = Release|Any CPU
		{7AEB53C3-BB6C-42A1-BD33-3BC20CA554B0}.Release|Any CPU.Build.0 = Release|Any CPU
		{5B332398-90CB-4A22-A0CA-A3E040C5A848}.Debug|Any CPU.ActiveCfg = Debug|Any CPU
		{5B332398-90CB-4A22-A0CA-A3E040C5A848}.Debug|Any CPU.Build.0 = Debug|Any CPU
		{5B332398-90CB-4A22-A0CA-A3E040C5A848}.Release|Any CPU.ActiveCfg = Release|Any CPU
		{5B332398-90CB-4A22-A0CA-A3E040C5A848}.Release|Any CPU.Build.0 = Release|Any CPU
		{01CA3E7D-AAB3-41E2-9739-88A77D07944C}.Debug|Any CPU.ActiveCfg = Debug|Any CPU
		{01CA3E7D-AAB3-41E2-9739-88A77D07944C}.Debug|Any CPU.Build.0 = Debug|Any CPU
		{01CA3E7D-AAB3-41E2-9739-88A77D07944C}.Release|Any CPU.ActiveCfg = Release|Any CPU
		{01CA3E7D-AAB3-41E2-9739-88A77D07944C}.Release|Any CPU.Build.0 = Release|Any CPU
		{493714FD-9A0A-4A96-A2EF-33BB4FC03992}.Debug|Any CPU.ActiveCfg = Debug|Any CPU
		{493714FD-9A0A-4A96-A2EF-33BB4FC03992}.Debug|Any CPU.Build.0 = Debug|Any CPU
		{493714FD-9A0A-4A96-A2EF-33BB4FC03992}.Release|Any CPU.ActiveCfg = Release|Any CPU
		{493714FD-9A0A-4A96-A2EF-33BB4FC03992}.Release|Any CPU.Build.0 = Release|Any CPU
		{27AA0047-A2BE-4805-89B8-60C705DE6603}.Debug|Any CPU.ActiveCfg = Debug|Any CPU
		{27AA0047-A2BE-4805-89B8-60C705DE6603}.Debug|Any CPU.Build.0 = Debug|Any CPU
		{27AA0047-A2BE-4805-89B8-60C705DE6603}.Release|Any CPU.ActiveCfg = Release|Any CPU
		{27AA0047-A2BE-4805-89B8-60C705DE6603}.Release|Any CPU.Build.0 = Release|Any CPU
	EndGlobalSection
	GlobalSection(SolutionProperties) = preSolution
		HideSolutionNode = FALSE
	EndGlobalSection
	GlobalSection(NestedProjects) = preSolution
		{89EBB1F5-BD9F-4D26-BEC6-4D0443577B7F} = {51AE956C-AD24-4A98-A96C-FAEFBCD55508}
		{9D7A18B1-365B-4C7F-BD6D-69C7BF4B337C} = {51AE956C-AD24-4A98-A96C-FAEFBCD55508}
		{ABE96E0F-9E88-4EC0-A2DB-1F54F1D4CF28} = {4787DF6C-FBA8-45AC-85FA-D0B90276217C}
		{5DEBF263-2650-4287-A77B-5A37893FB595} = {ABE96E0F-9E88-4EC0-A2DB-1F54F1D4CF28}
		{30EDEF94-4A20-4BAD-89AF-32491E62D6F4} = {ABE96E0F-9E88-4EC0-A2DB-1F54F1D4CF28}
		{CBE40972-525B-4972-8F79-29DD9D3B3BE7} = {ABE96E0F-9E88-4EC0-A2DB-1F54F1D4CF28}
		{E1BF1F4E-9EB7-4709-AAA6-2E498DFDF745} = {ABE96E0F-9E88-4EC0-A2DB-1F54F1D4CF28}
		{84B692FD-3BCB-4C77-A111-299B75B232BF} = {ABE96E0F-9E88-4EC0-A2DB-1F54F1D4CF28}
		{396E4CCF-924A-48B9-9789-74C1178F3110} = {51AE956C-AD24-4A98-A96C-FAEFBCD55508}
		{E3E5EC8D-2F00-4F92-95E7-E6A9FDA82E0C} = {4787DF6C-FBA8-45AC-85FA-D0B90276217C}
		{9E399AD3-94F1-4E46-865F-E7977B74E05C} = {E3E5EC8D-2F00-4F92-95E7-E6A9FDA82E0C}
		{9A8D6572-9663-47D4-A2FC-3553DE17112F} = {E3E5EC8D-2F00-4F92-95E7-E6A9FDA82E0C}
		{C550D5F2-C218-4E16-86BB-22C92406C486} = {E3E5EC8D-2F00-4F92-95E7-E6A9FDA82E0C}
		{B0E74043-3CDA-4F74-A83A-DD4EDD750889} = {E3E5EC8D-2F00-4F92-95E7-E6A9FDA82E0C}
		{EF30B1D6-B58C-4497-A754-ADD240C62687} = {51AE956C-AD24-4A98-A96C-FAEFBCD55508}
		{18EF4AB2-26DE-4BDE-B33D-F582307CAA5A} = {AE9267B5-897D-4015-A03B-2B2F5115D8AE}
		{3670767B-EF33-44EE-85B0-EB63BE3EBB15} = {651C44A8-E389-4CA1-9C64-908763A058E5}
		{651C44A8-E389-4CA1-9C64-908763A058E5} = {4787DF6C-FBA8-45AC-85FA-D0B90276217C}
		{2A6B1426-4FFA-47A7-8924-645E95AF95DE} = {651C44A8-E389-4CA1-9C64-908763A058E5}
		{4AD573A1-7499-4CC3-8C9C-6DA669C74429} = {651C44A8-E389-4CA1-9C64-908763A058E5}
		{7AEB53C3-BB6C-42A1-BD33-3BC20CA554B0} = {651C44A8-E389-4CA1-9C64-908763A058E5}
		{5B332398-90CB-4A22-A0CA-A3E040C5A848} = {B4D12709-4941-479D-A038-42021329E4B8}
		{B4D12709-4941-479D-A038-42021329E4B8} = {4787DF6C-FBA8-45AC-85FA-D0B90276217C}
		{01CA3E7D-AAB3-41E2-9739-88A77D07944C} = {B4D12709-4941-479D-A038-42021329E4B8}
		{493714FD-9A0A-4A96-A2EF-33BB4FC03992} = {B4D12709-4941-479D-A038-42021329E4B8}
		{27AA0047-A2BE-4805-89B8-60C705DE6603} = {B4D12709-4941-479D-A038-42021329E4B8}
	EndGlobalSection
	GlobalSection(ExtensibilityGlobals) = postSolution
		SolutionGuid = {4FE50BF4-0B20-44E1-8E88-7EE262C94604}
	EndGlobalSection
EndGlobal
